
Microsoft Visual Studio Solution File, Format Version 12.00
# Visual Studio Version 18
VisualStudioVersion = 18.3.11527.330 d18.3
MinimumVisualStudioVersion = 10.0.40219.1
Project("{FAE04EC0-301F-11D3-BF4B-00C04F79EFBC}") = "WithinAPI", "WithinAPI.csproj", "{011E482D-7957-05DF-FD2F-D2AA97EF1B19}"
EndProject
Global
	GlobalSection(SolutionConfigurationPlatforms) = preSolution
		Debug|Any CPU = Debug|Any CPU
		Release|Any CPU = Release|Any CPU
	EndGlobalSection
	GlobalSection(ProjectConfigurationPlatforms) = postSolution
		{011E482D-7957-05DF-FD2F-D2AA97EF1B19}.Debug|Any CPU.ActiveCfg = Debug|Any CPU
		{011E482D-7957-05DF-FD2F-D2AA97EF1B19}.Debug|Any CPU.Build.0 = Debug|Any CPU
		{011E482D-7957-05DF-FD2F-D2AA97EF1B19}.Release|Any CPU.ActiveCfg = Release|Any CPU
		{011E482D-7957-05DF-FD2F-D2AA97EF1B19}.Release|Any CPU.Build.0 = Release|Any CPU
	EndGlobalSection
	GlobalSection(SolutionProperties) = preSolution
		HideSolutionNode = FALSE
	EndGlobalSection
	GlobalSection(ExtensibilityGlobals) = postSolution
		SolutionGuid = {EFFEB630-C74E-41D1-B81B-FCA60D8DD879}
	EndGlobalSection
EndGlobal
